
Microsoft Visual Studio Solution File, Format Version 12.00
# Visual Studio Version 16
VisualStudioVersion = 16.0.30611.23
MinimumVisualStudioVersion = 10.0.40219.1
Project("{9092AA53-FB77-4645-B42D-1CCCA6BD08BD}") = "MyRestaurantMySQLAPI", "MyRestaurantMySQLAPI.njsproj", "{1017EFF2-9175-4B26-B55E-D16CC80797D5}"
EndProject
Global
	GlobalSection(SolutionConfigurationPlatforms) = preSolution
		Debug|Any CPU = Debug|Any CPU
		Release|Any CPU = Release|Any CPU
	EndGlobalSection
	GlobalSection(ProjectConfigurationPlatforms) = postSolution
		{1017EFF2-9175-4B26-B55E-D16CC80797D5}.Debug|Any CPU.ActiveCfg = Debug|Any CPU
		{1017EFF2-9175-4B26-B55E-D16CC80797D5}.Debug|Any CPU.Build.0 = Debug|Any CPU
		{1017EFF2-9175-4B26-B55E-D16CC80797D5}.Release|Any CPU.ActiveCfg = Release|Any CPU
		{1017EFF2-9175-4B26-B55E-D16CC80797D5}.Release|Any CPU.Build.0 = Release|Any CPU
	EndGlobalSection
	GlobalSection(SolutionProperties) = preSolution
		HideSolutionNode = FALSE
	EndGlobalSection
	GlobalSection(ExtensibilityGlobals) = postSolution
		SolutionGuid = {F3372B6E-0A72-4088-BA05-62168FFF341F}
	EndGlobalSection
EndGlobal
